
Microsoft Visual Studio Solution File, Format Version 12.00
# Visual Studio 15
VisualStudioVersion = 15.0.28307.539
MinimumVisualStudioVersion = 10.0.40219.1
Project("{FAE04EC0-301F-11D3-BF4B-00C04F79EFBC}") = "ThinAPP console", "ThinAPP console\ThinAPP console.csproj", "{AAD36AB0-FF2C-4478-AC5B-7AA34144E3DF}"
EndProject
Global
	GlobalSection(SolutionConfigurationPlatforms) = preSolution
		Debug|Any CPU = Debug|Any CPU
		Release|Any CPU = Release|Any CPU
	EndGlobalSection
	GlobalSection(ProjectConfigurationPlatforms) = postSolution
		{AAD36AB0-FF2C-4478-AC5B-7AA34144E3DF}.Debug|Any CPU.ActiveCfg = Debug|Any CPU
		{AAD36AB0-FF2C-4478-AC5B-7AA34144E3DF}.Debug|Any CPU.Build.0 = Debug|Any CPU
		{AAD36AB0-FF2C-4478-AC5B-7AA34144E3DF}.Release|Any CPU.ActiveCfg = Release|Any CPU
		{AAD36AB0-FF2C-4478-AC5B-7AA34144E3DF}.Release|Any CPU.Build.0 = Release|Any CPU
	EndGlobalSection
	GlobalSection(SolutionProperties) = preSolution
		HideSolutionNode = FALSE
	EndGlobalSection
	GlobalSection(ExtensibilityGlobals) = postSolution
		SolutionGuid = {F867AD94-E4EC-4E08-8E15-EFEA1BC52659}
	EndGlobalSection
EndGlobal
